
Microsoft Visual Studio Solution File, Format Version 12.00
# Visual Studio Version 17
VisualStudioVersion = 17.5.33516.290
MinimumVisualStudioVersion = 10.0.40219.1
Project("{FAE04EC0-301F-11D3-BF4B-00C04F79EFBC}") = "ECR Test Application", "ECR Test Application.csproj", "{B8B24011-FA8D-4C5B-B130-3EAF91D210AF}"
EndProject
Global
	GlobalSection(SolutionConfigurationPlatforms) = preSolution
		Debug|Any CPU = Debug|Any CPU
		Release|Any CPU = Release|Any CPU
	EndGlobalSection
	GlobalSection(ProjectConfigurationPlatforms) = postSolution
		{B8B24011-FA8D-4C5B-B130-3EAF91D210AF}.Debug|Any CPU.ActiveCfg = Debug|Any CPU
		{B8B24011-FA8D-4C5B-B130-3EAF91D210AF}.Debug|Any CPU.Build.0 = Debug|Any CPU
		{B8B24011-FA8D-4C5B-B130-3EAF91D210AF}.Release|Any CPU.ActiveCfg = Release|Any CPU
		{B8B24011-FA8D-4C5B-B130-3EAF91D210AF}.Release|Any CPU.Build.0 = Release|Any CPU
	EndGlobalSection
	GlobalSection(SolutionProperties) = preSolution
		HideSolutionNode = FALSE
	EndGlobalSection
	GlobalSection(ExtensibilityGlobals) = postSolution
		SolutionGuid = {9730FF81-3FCD-44AA-A254-55B73A70871B}
	EndGlobalSection
EndGlobal
